
Microsoft Visual Studio Solution File, Format Version 12.00
# Visual Studio Version 17
VisualStudioVersion = 17.3.32929.385
MinimumVisualStudioVersion = 10.0.40219.1
Project("{FAE04EC0-301F-11D3-BF4B-00C04F79EFBC}") = "RAA_QandA_221110", "RAA_QandA_221110.csproj", "{4D914D42-6BD6-427C-B512-C75D3D97644C}"
EndProject
Global
	GlobalSection(SolutionConfigurationPlatforms) = preSolution
		Debug|Any CPU = Debug|Any CPU
		Release|Any CPU = Release|Any CPU
	EndGlobalSection
	GlobalSection(ProjectConfigurationPlatforms) = postSolution
		{4D914D42-6BD6-427C-B512-C75D3D97644C}.Debug|Any CPU.ActiveCfg = Debug|Any CPU
		{4D914D42-6BD6-427C-B512-C75D3D97644C}.Debug|Any CPU.Build.0 = Debug|Any CPU
		{4D914D42-6BD6-427C-B512-C75D3D97644C}.Release|Any CPU.ActiveCfg = Release|Any CPU
		{4D914D42-6BD6-427C-B512-C75D3D97644C}.Release|Any CPU.Build.0 = Release|Any CPU
	EndGlobalSection
	GlobalSection(SolutionProperties) = preSolution
		HideSolutionNode = FALSE
	EndGlobalSection
	GlobalSection(ExtensibilityGlobals) = postSolution
		SolutionGuid = {3DD1FEE0-3D29-4E9B-9E0D-3ABE6D0DDDBF}
	EndGlobalSection
EndGlobal
